
Microsoft Visual Studio Solution File, Format Version 12.00
# Visual Studio Version 17
VisualStudioVersion = 17.11.35303.130
MinimumVisualStudioVersion = 10.0.40219.1
Project("{FAE04EC0-301F-11D3-BF4B-00C04F79EFBC}") = "ServerSocket", "ServerSocket\ServerSocket.csproj", "{D27B07A4-4CE0-43D0-B156-AB466F3DC2FE}"
EndProject
Global
	GlobalSection(SolutionConfigurationPlatforms) = preSolution
		Debug|Any CPU = Debug|Any CPU
		Release|Any CPU = Release|Any CPU
	EndGlobalSection
	GlobalSection(ProjectConfigurationPlatforms) = postSolution
		{D27B07A4-4CE0-43D0-B156-AB466F3DC2FE}.Debug|Any CPU.ActiveCfg = Debug|Any CPU
		{D27B07A4-4CE0-43D0-B156-AB466F3DC2FE}.Debug|Any CPU.Build.0 = Debug|Any CPU
		{D27B07A4-4CE0-43D0-B156-AB466F3DC2FE}.Release|Any CPU.ActiveCfg = Release|Any CPU
		{D27B07A4-4CE0-43D0-B156-AB466F3DC2FE}.Release|Any CPU.Build.0 = Release|Any CPU
	EndGlobalSection
	GlobalSection(SolutionProperties) = preSolution
		HideSolutionNode = FALSE
	EndGlobalSection
	GlobalSection(ExtensibilityGlobals) = postSolution
		SolutionGuid = {506B1761-F22A-49C0-8D12-2DFEED7E8DC8}
	EndGlobalSection
EndGlobal
